
Microsoft Visual Studio Solution File, Format Version 12.00
# Visual Studio 15
VisualStudioVersion = 15.0.26730.10
MinimumVisualStudioVersion = 10.0.40219.1
Project("{2150E333-8FDC-42A3-9474-1A3956D46DE8}") = "stuff", "stuff", "{F1E3F4CA-B665-4D3A-AA2E-398B9C2711D8}"
	ProjectSection(SolutionItems) = preProject
		scripts\build.bat = scripts\build.bat
		scripts\build.proj = scripts\build.proj
		CHANGELOG.md = CHANGELOG.md
		LICENSE.md = LICENSE.md
		README.md = README.md
	EndProjectSection
EndProject
Project("{2150E333-8FDC-42A3-9474-1A3956D46DE8}") = ".nuget", ".nuget", "{A7310FA2-EC70-4F23-AC08-B4A5D337BE50}"
	ProjectSection(SolutionItems) = preProject
		.nuget\NuGet.Config = .nuget\NuGet.Config
		.nuget\NuGet.exe = .nuget\NuGet.exe
		.nuget\NuGet.targets = .nuget\NuGet.targets
	EndProjectSection
EndProject
Project("{9A19103F-16F7-4668-BE54-9A1E7A4F7556}") = "Migr8", "Migr8\Migr8.csproj", "{73AACF2F-120D-49B0-AD67-AB1F2A937BB1}"
EndProject
Project("{9A19103F-16F7-4668-BE54-9A1E7A4F7556}") = "Migr8.Test", "Migr8.Test\Migr8.Test.csproj", "{14A2F46C-4FE2-4EA9-A892-F1E1FD5B2839}"
EndProject
Project("{2150E333-8FDC-42A3-9474-1A3956D46DE8}") = "sql server", "sql server", "{C3DE140A-D6D9-4A7A-AD54-25C4B2E3162B}"
EndProject
Project("{2150E333-8FDC-42A3-9474-1A3956D46DE8}") = "postgres", "postgres", "{BAF2F6D7-4743-4BEF-A94F-38AE17097DAC}"
EndProject
Project("{9A19103F-16F7-4668-BE54-9A1E7A4F7556}") = "Migr8.Npgsql", "Migr8.Npgsql\Migr8.Npgsql.csproj", "{5470ED50-1D23-4DD7-B91F-6423C1F915E8}"
EndProject
Global
	GlobalSection(SolutionConfigurationPlatforms) = preSolution
		Debug|Any CPU = Debug|Any CPU
		Release|Any CPU = Release|Any CPU
	EndGlobalSection
	GlobalSection(ProjectConfigurationPlatforms) = postSolution
		{73AACF2F-120D-49B0-AD67-AB1F2A937BB1}.Debug|Any CPU.ActiveCfg = Debug|Any CPU
		{73AACF2F-120D-49B0-AD67-AB1F2A937BB1}.Debug|Any CPU.Build.0 = Debug|Any CPU
		{73AACF2F-120D-49B0-AD67-AB1F2A937BB1}.Release|Any CPU.ActiveCfg = Release|Any CPU
		{73AACF2F-120D-49B0-AD67-AB1F2A937BB1}.Release|Any CPU.Build.0 = Release|Any CPU
		{14A2F46C-4FE2-4EA9-A892-F1E1FD5B2839}.Debug|Any CPU.ActiveCfg = Debug|Any CPU
		{14A2F46C-4FE2-4EA9-A892-F1E1FD5B2839}.Debug|Any CPU.Build.0 = Debug|Any CPU
		{14A2F46C-4FE2-4EA9-A892-F1E1FD5B2839}.Release|Any CPU.ActiveCfg = Release|Any CPU
		{14A2F46C-4FE2-4EA9-A892-F1E1FD5B2839}.Release|Any CPU.Build.0 = Release|Any CPU
		{5470ED50-1D23-4DD7-B91F-6423C1F915E8}.Debug|Any CPU.ActiveCfg = Debug|Any CPU
		{5470ED50-1D23-4DD7-B91F-6423C1F915E8}.Debug|Any CPU.Build.0 = Debug|Any CPU
		{5470ED50-1D23-4DD7-B91F-6423C1F915E8}.Release|Any CPU.ActiveCfg = Release|Any CPU
		{5470ED50-1D23-4DD7-B91F-6423C1F915E8}.Release|Any CPU.Build.0 = Release|Any CPU
	EndGlobalSection
	GlobalSection(SolutionProperties) = preSolution
		HideSolutionNode = FALSE
	EndGlobalSection
	GlobalSection(NestedProjects) = preSolution
		{73AACF2F-120D-49B0-AD67-AB1F2A937BB1} = {C3DE140A-D6D9-4A7A-AD54-25C4B2E3162B}
		{14A2F46C-4FE2-4EA9-A892-F1E1FD5B2839} = {C3DE140A-D6D9-4A7A-AD54-25C4B2E3162B}
		{5470ED50-1D23-4DD7-B91F-6423C1F915E8} = {BAF2F6D7-4743-4BEF-A94F-38AE17097DAC}
	EndGlobalSection
	GlobalSection(ExtensibilityGlobals) = postSolution
		SolutionGuid = {BE15E6DC-570C-4587-AD9E-D5388DDCE9D3}
	EndGlobalSection
EndGlobal
